// !$*UTF8*$!
{
	archiveVersion = 1;
	classes = {
	};
	objectVersion = 55;
	objects = {

/* Begin PBXBuildFile section */
		B88CDC6B27FAC0B30002C640 /* PodExampleMI.docc in Sources */ = {isa = PBXBuildFile; fileRef = B88CDC6A27FAC0B30002C640 /* PodExampleMI.docc */; };
		B88CDC7127FAC0B30002C640 /* PodExampleMI.framework in Frameworks */ = {isa = PBXBuildFile; fileRef = B88CDC6627FAC0B30002C640 /* PodExampleMI.framework */; };
		B88CDC7627FAC0B30002C640 /* PodExampleMITests.swift in Sources */ = {isa = PBXBuildFile; fileRef = B88CDC7527FAC0B30002C640 /* PodExampleMITests.swift */; };
		B88CDC7727FAC0B30002C640 /* PodExampleMI.h in Headers */ = {isa = PBXBuildFile; fileRef = B88CDC6927FAC0B30002C640 /* PodExampleMI.h */; settings = {ATTRIBUTES = (Public, ); }; };
		B88CDC8727FAC4850002C640 /* AppDelegate.swift in Sources */ = {isa = PBXBuildFile; fileRef = B88CDC8627FAC4850002C640 /* AppDelegate.swift */; };
		B88CDC8927FAC4850002C640 /* SceneDelegate.swift in Sources */ = {isa = PBXBuildFile; fileRef = B88CDC8827FAC4850002C640 /* SceneDelegate.swift */; };
		B88CDC8B27FAC4850002C640 /* ViewController.swift in Sources */ = {isa = PBXBuildFile; fileRef = B88CDC8A27FAC4850002C640 /* ViewController.swift */; };
		B88CDC8E27FAC4850002C640 /* Main.storyboard in Resources */ = {isa = PBXBuildFile; fileRef = B88CDC8C27FAC4850002C640 /* Main.storyboard */; };
		B88CDC9027FAC4870002C640 /* Assets.xcassets in Resources */ = {isa = PBXBuildFile; fileRef = B88CDC8F27FAC4870002C640 /* Assets.xcassets */; };
		B88CDC9327FAC4870002C640 /* LaunchScreen.storyboard in Resources */ = {isa = PBXBuildFile; fileRef = B88CDC9127FAC4870002C640 /* LaunchScreen.storyboard */; };
		B88CDC9927FACBAA0002C640 /* PodExampleMI.swift in Sources */ = {isa = PBXBuildFile; fileRef = B88CDC9827FACBAA0002C640 /* PodExampleMI.swift */; };
/* End PBXBuildFile section */

/* Begin PBXContainerItemProxy section */
		B88CDC7227FAC0B30002C640 /* PBXContainerItemProxy */ = {
			isa = PBXContainerItemProxy;
			containerPortal = B88CDC5D27FAC0B30002C640 /* Project object */;
			proxyType = 1;
			remoteGlobalIDString = B88CDC6527FAC0B30002C640;
			remoteInfo = PodExampleMI;
		};
/* End PBXContainerItemProxy section */

/* Begin PBXFileReference section */
		B88CDC6627FAC0B30002C640 /* PodExampleMI.framework */ = {isa = PBXFileReference; explicitFileType = wrapper.framework; includeInIndex = 0; path = PodExampleMI.framework; sourceTree = BUILT_PRODUCTS_DIR; };
		B88CDC6927FAC0B30002C640 /* PodExampleMI.h */ = {isa = PBXFileReference; lastKnownFileType = sourcecode.c.h; path = PodExampleMI.h; sourceTree = "<group>"; };
		B88CDC6A27FAC0B30002C640 /* PodExampleMI.docc */ = {isa = PBXFileReference; lastKnownFileType = folder.documentationcatalog; path = PodExampleMI.docc; sourceTree = "<group>"; };
		B88CDC7027FAC0B30002C640 /* PodExampleMITests.xctest */ = {isa = PBXFileReference; explicitFileType = wrapper.cfbundle; includeInIndex = 0; path = PodExampleMITests.xctest; sourceTree = BUILT_PRODUCTS_DIR; };
		B88CDC7527FAC0B30002C640 /* PodExampleMITests.swift */ = {isa = PBXFileReference; lastKnownFileType = sourcecode.swift; path = PodExampleMITests.swift; sourceTree = "<group>"; };
		B88CDC8427FAC4850002C640 /* SwiftPodExampleMI.app */ = {isa = PBXFileReference; explicitFileType = wrapper.application; includeInIndex = 0; path = SwiftPodExampleMI.app; sourceTree = BUILT_PRODUCTS_DIR; };
		B88CDC8627FAC4850002C640 /* AppDelegate.swift */ = {isa = PBXFileReference; lastKnownFileType = sourcecode.swift; path = AppDelegate.swift; sourceTree = "<group>"; };
		B88CDC8827FAC4850002C640 /* SceneDelegate.swift */ = {isa = PBXFileReference; lastKnownFileType = sourcecode.swift; path = SceneDelegate.swift; sourceTree = "<group>"; };
		B88CDC8A27FAC4850002C640 /* ViewController.swift */ = {isa = PBXFileReference; lastKnownFileType = sourcecode.swift; path = ViewController.swift; sourceTree = "<group>"; };
		B88CDC8D27FAC4850002C640 /* Base */ = {isa = PBXFileReference; lastKnownFileType = file.storyboard; name = Base; path = Base.lproj/Main.storyboard; sourceTree = "<group>"; };
		B88CDC8F27FAC4870002C640 /* Assets.xcassets */ = {isa = PBXFileReference; lastKnownFileType = folder.assetcatalog; path = Assets.xcassets; sourceTree = "<group>"; };
		B88CDC9227FAC4870002C640 /* Base */ = {isa = PBXFileReference; lastKnownFileType = file.storyboard; name = Base; path = Base.lproj/LaunchScreen.storyboard; sourceTree = "<group>"; };
		B88CDC9427FAC4870002C640 /* Info.plist */ = {isa = PBXFileReference; lastKnownFileType = text.plist.xml; path = Info.plist; sourceTree = "<group>"; };
		B88CDC9827FACBAA0002C640 /* PodExampleMI.swift */ = {isa = PBXFileReference; lastKnownFileType = sourcecode.swift; path = PodExampleMI.swift; sourceTree = "<group>"; };
/* End PBXFileReference section */

/* Begin PBXFrameworksBuildPhase section */
		B88CDC6327FAC0B30002C640 /* Frameworks */ = {
			isa = PBXFrameworksBuildPhase;
			buildActionMask = 2147483647;
			files = (
			);
			runOnlyForDeploymentPostprocessing = 0;
		};
		B88CDC6D27FAC0B30002C640 /* Frameworks */ = {
			isa = PBXFrameworksBuildPhase;
			buildActionMask = 2147483647;
			files = (
				B88CDC7127FAC0B30002C640 /* PodExampleMI.framework in Frameworks */,
			);
			runOnlyForDeploymentPostprocessing = 0;
		};
		B88CDC8127FAC4850002C640 /* Frameworks */ = {
			isa = PBXFrameworksBuildPhase;
			buildActionMask = 2147483647;
			files = (
			);
			runOnlyForDeploymentPostprocessing = 0;
		};
/* End PBXFrameworksBuildPhase section */

/* Begin PBXGroup section */
		B88CDC5C27FAC0B30002C640 = {
			isa = PBXGroup;
			children = (
				B88CDC6827FAC0B30002C640 /* PodExampleMI */,
				B88CDC7427FAC0B30002C640 /* PodExampleMITests */,
				B88CDC8527FAC4850002C640 /* SwiftPodExampleMI */,
				B88CDC6727FAC0B30002C640 /* Products */,
			);
			sourceTree = "<group>";
		};
		B88CDC6727FAC0B30002C640 /* Products */ = {
			isa = PBXGroup;
			children = (
				B88CDC6627FAC0B30002C640 /* PodExampleMI.framework */,
				B88CDC7027FAC0B30002C640 /* PodExampleMITests.xctest */,
				B88CDC8427FAC4850002C640 /* SwiftPodExampleMI.app */,
			);
			name = Products;
			sourceTree = "<group>";
		};
		B88CDC6827FAC0B30002C640 /* PodExampleMI */ = {
			isa = PBXGroup;
			children = (
				B88CDC6927FAC0B30002C640 /* PodExampleMI.h */,
				B88CDC6A27FAC0B30002C640 /* PodExampleMI.docc */,
				B88CDC9827FACBAA0002C640 /* PodExampleMI.swift */,
			);
			path = PodExampleMI;
			sourceTree = "<group>";
		};
		B88CDC7427FAC0B30002C640 /* PodExampleMITests */ = {
			isa = PBXGroup;
			children = (
				B88CDC7527FAC0B30002C640 /* PodExampleMITests.swift */,
			);
			path = PodExampleMITests;
			sourceTree = "<group>";
		};
		B88CDC8527FAC4850002C640 /* SwiftPodExampleMI */ = {
			isa = PBXGroup;
			children = (
				B88CDC8627FAC4850002C640 /* AppDelegate.swift */,
				B88CDC8827FAC4850002C640 /* SceneDelegate.swift */,
				B88CDC8A27FAC4850002C640 /* ViewController.swift */,
				B88CDC8C27FAC4850002C640 /* Main.storyboard */,
				B88CDC8F27FAC4870002C640 /* Assets.xcassets */,
				B88CDC9127FAC4870002C640 /* LaunchScreen.storyboard */,
				B88CDC9427FAC4870002C640 /* Info.plist */,
			);
			path = SwiftPodExampleMI;
			sourceTree = "<group>";
		};
/* End PBXGroup section */

/* Begin PBXHeadersBuildPhase section */
		B88CDC6127FAC0B30002C640 /* Headers */ = {
			isa = PBXHeadersBuildPhase;
			buildActionMask = 2147483647;
			files = (
				B88CDC7727FAC0B30002C640 /* PodExampleMI.h in Headers */,
			);
			runOnlyForDeploymentPostprocessing = 0;
		};
/* End PBXHeadersBuildPhase section */

/* Begin PBXNativeTarget section */
		B88CDC6527FAC0B30002C640 /* PodExampleMI */ = {
			isa = PBXNativeTarget;
			buildConfigurationList = B88CDC7A27FAC0B30002C640 /* Build configuration list for PBXNativeTarget "PodExampleMI" */;
			buildPhases = (
				B88CDC6127FAC0B30002C640 /* Headers */,
				B88CDC6227FAC0B30002C640 /* Sources */,
				B88CDC6327FAC0B30002C640 /* Frameworks */,
				B88CDC6427FAC0B30002C640 /* Resources */,
			);
			buildRules = (
			);
			dependencies = (
			);
			name = PodExampleMI;
			productName = PodExampleMI;
			productReference = B88CDC6627FAC0B30002C640 /* PodExampleMI.framework */;
			productType = "com.apple.product-type.framework";
		};
		B88CDC6F27FAC0B30002C640 /* PodExampleMITests */ = {
			isa = PBXNativeTarget;
			buildConfigurationList = B88CDC7D27FAC0B30002C640 /* Build configuration list for PBXNativeTarget "PodExampleMITests" */;
			buildPhases = (
				B88CDC6C27FAC0B30002C640 /* Sources */,
				B88CDC6D27FAC0B30002C640 /* Frameworks */,
				B88CDC6E27FAC0B30002C640 /* Resources */,
			);
			buildRules = (
			);
			dependencies = (
				B88CDC7327FAC0B30002C640 /* PBXTargetDependency */,
			);
			name = PodExampleMITests;
			productName = PodExampleMITests;
			productReference = B88CDC7027FAC0B30002C640 /* PodExampleMITests.xctest */;
			productType = "com.apple.product-type.bundle.unit-test";
		};
		B88CDC8327FAC4850002C640 /* SwiftPodExampleMI */ = {
			isa = PBXNativeTarget;
			buildConfigurationList = B88CDC9527FAC4870002C640 /* Build configuration list for PBXNativeTarget "SwiftPodExampleMI" */;
			buildPhases = (
				B88CDC8027FAC4850002C640 /* Sources */,
				B88CDC8127FAC4850002C640 /* Frameworks */,
				B88CDC8227FAC4850002C640 /* Resources */,
			);
			buildRules = (
			);
			dependencies = (
			);
			name = SwiftPodExampleMI;
			productName = SwiftPodExampleMI;
			productReference = B88CDC8427FAC4850002C640 /* SwiftPodExampleMI.app */;
			productType = "com.apple.product-type.application";
		};
/* End PBXNativeTarget section */

/* Begin PBXProject section */
		B88CDC5D27FAC0B30002C640 /* Project object */ = {
			isa = PBXProject;
			attributes = {
				BuildIndependentTargetsInParallel = 1;
				LastSwiftUpdateCheck = 1320;
				LastUpgradeCheck = 1320;
				TargetAttributes = {
					B88CDC6527FAC0B30002C640 = {
						CreatedOnToolsVersion = 13.2.1;
					};
					B88CDC6F27FAC0B30002C640 = {
						CreatedOnToolsVersion = 13.2.1;
					};
					B88CDC8327FAC4850002C640 = {
						CreatedOnToolsVersion = 13.2.1;
					};
				};
			};
			buildConfigurationList = B88CDC6027FAC0B30002C640 /* Build configuration list for PBXProject "PodExampleMI" */;
			compatibilityVersion = "Xcode 13.0";
			developmentRegion = en;
			hasScannedForEncodings = 0;
			knownRegions = (
				en,
				Base,
			);
			mainGroup = B88CDC5C27FAC0B30002C640;
			productRefGroup = B88CDC6727FAC0B30002C640 /* Products */;
			projectDirPath = "";
			projectRoot = "";
			targets = (
				B88CDC6527FAC0B30002C640 /* PodExampleMI */,
				B88CDC6F27FAC0B30002C640 /* PodExampleMITests */,
				B88CDC8327FAC4850002C640 /* SwiftPodExampleMI */,
			);
		};
/* End PBXProject section */

/* Begin PBXResourcesBuildPhase section */
		B88CDC6427FAC0B30002C640 /* Resources */ = {
			isa = PBXResourcesBuildPhase;
			buildActionMask = 2147483647;
			files = (
			);
			runOnlyForDeploymentPostprocessing = 0;
		};
		B88CDC6E27FAC0B30002C640 /* Resources */ = {
			isa = PBXResourcesBuildPhase;
			buildActionMask = 2147483647;
			files = (
			);
			runOnlyForDeploymentPostprocessing = 0;
		};
		B88CDC8227FAC4850002C640 /* Resources */ = {
			isa = PBXResourcesBuildPhase;
			buildActionMask = 2147483647;
			files = (
				B88CDC9327FAC4870002C640 /* LaunchScreen.storyboard in Resources */,
				B88CDC9027FAC4870002C640 /* Assets.xcassets in Resources */,
				B88CDC8E27FAC4850002C640 /* Main.storyboard in Resources */,
			);
			runOnlyForDeploymentPostprocessing = 0;
		};
/* End PBXResourcesBuildPhase section */

/* Begin PBXSourcesBuildPhase section */
		B88CDC6227FAC0B30002C640 /* Sources */ = {
			isa = PBXSourcesBuildPhase;
			buildActionMask = 2147483647;
			files = (
				B88CDC9927FACBAA0002C640 /* PodExampleMI.swift in Sources */,
				B88CDC6B27FAC0B30002C640 /* PodExampleMI.docc in Sources */,
			);
			runOnlyForDeploymentPostprocessing = 0;
		};
		B88CDC6C27FAC0B30002C640 /* Sources */ = {
			isa = PBXSourcesBuildPhase;
			buildActionMask = 2147483647;
			files = (
				B88CDC7627FAC0B30002C640 /* PodExampleMITests.swift in Sources */,
			);
			runOnlyForDeploymentPostprocessing = 0;
		};
		B88CDC8027FAC4850002C640 /* Sources */ = {
			isa = PBXSourcesBuildPhase;
			buildActionMask = 2147483647;
			files = (
				B88CDC8B27FAC4850002C640 /* ViewController.swift in Sources */,
				B88CDC8727FAC4850002C640 /* AppDelegate.swift in Sources */,
				B88CDC8927FAC4850002C640 /* SceneDelegate.swift in Sources */,
			);
			runOnlyForDeploymentPostprocessing = 0;
		};
/* End PBXSourcesBuildPhase section */

/* Begin PBXTargetDependency section */
		B88CDC7327FAC0B30002C640 /* PBXTargetDependency */ = {
			isa = PBXTargetDependency;
			target = B88CDC6527FAC0B30002C640 /* PodExampleMI */;
			targetProxy = B88CDC7227FAC0B30002C640 /* PBXContainerItemProxy */;
		};
/* End PBXTargetDependency section */

/* Begin PBXVariantGroup section */
		B88CDC8C27FAC4850002C640 /* Main.storyboard */ = {
			isa = PBXVariantGroup;
			children = (
				B88CDC8D27FAC4850002C640 /* Base */,
			);
			name = Main.storyboard;
			sourceTree = "<group>";
		};
		B88CDC9127FAC4870002C640 /* LaunchScreen.storyboard */ = {
			isa = PBXVariantGroup;
			children = (
				B88CDC9227FAC4870002C640 /* Base */,
			);
			name = LaunchScreen.storyboard;
			sourceTree = "<group>";
		};
/* End PBXVariantGroup section */

/* Begin XCBuildConfiguration section */
		B88CDC7827FAC0B30002C640 /* Debug */ = {
			isa = XCBuildConfiguration;
			buildSettings = {
				ALWAYS_SEARCH_USER_PATHS = NO;
				CLANG_ANALYZER_NONNULL = YES;
				CLANG_ANALYZER_NUMBER_OBJECT_CONVERSION = YES_AGGRESSIVE;
				CLANG_CXX_LANGUAGE_STANDARD = "gnu++17";
				CLANG_CXX_LIBRARY = "libc++";
				CLANG_ENABLE_MODULES = YES;
				CLANG_ENABLE_OBJC_ARC = YES;
				CLANG_ENABLE_OBJC_WEAK = YES;
				CLANG_WARN_BLOCK_CAPTURE_AUTORELEASING = YES;
				CLANG_WARN_BOOL_CONVERSION = YES;
				CLANG_WARN_COMMA = YES;
				CLANG_WARN_CONSTANT_CONVERSION = YES;
				CLANG_WARN_DEPRECATED_OBJC_IMPLEMENTATIONS = YES;
				CLANG_WARN_DIRECT_OBJC_ISA_USAGE = YES_ERROR;
				CLANG_WARN_DOCUMENTATION_COMMENTS = YES;
				CLANG_WARN_EMPTY_BODY = YES;
				CLANG_WARN_ENUM_CONVERSION = YES;
				CLANG_WARN_INFINITE_RECURSION = YES;
				CLANG_WARN_INT_CONVERSION = YES;
				CLANG_WARN_NON_LITERAL_NULL_CONVERSION = YES;
				CLANG_WARN_OBJC_IMPLICIT_RETAIN_SELF = YES;
				CLANG_WARN_OBJC_LITERAL_CONVERSION = YES;
				CLANG_WARN_OBJC_ROOT_CLASS = YES_ERROR;
				CLANG_WARN_QUOTED_INCLUDE_IN_FRAMEWORK_HEADER = YES;
				CLANG_WARN_RANGE_LOOP_ANALYSIS = YES;
				CLANG_WARN_STRICT_PROTOTYPES = YES;
				CLANG_WARN_SUSPICIOUS_MOVE = YES;
				CLANG_WARN_UNGUARDED_AVAILABILITY = YES_AGGRESSIVE;
				CLANG_WARN_UNREACHABLE_CODE = YES;
				CLANG_WARN__DUPLICATE_METHOD_MATCH = YES;
				COPY_PHASE_STRIP = NO;
				CURRENT_PROJECT_VERSION = 1;
				DEBUG_INFORMATION_FORMAT = dwarf;
				ENABLE_STRICT_OBJC_MSGSEND = YES;
				ENABLE_TESTABILITY = YES;
				GCC_C_LANGUAGE_STANDARD = gnu11;
				GCC_DYNAMIC_NO_PIC = NO;
				GCC_NO_COMMON_BLOCKS = YES;
				GCC_OPTIMIZATION_LEVEL = 0;
				GCC_PREPROCESSOR_DEFINITIONS = (
					"DEBUG=1",
					"$(inherited)",
				);
				GCC_WARN_64_TO_32_BIT_CONVERSION = YES;
				GCC_WARN_ABOUT_RETURN_TYPE = YES_ERROR;
				GCC_WARN_UNDECLARED_SELECTOR = YES;
				GCC_WARN_UNINITIALIZED_AUTOS = YES_AGGRESSIVE;
				GCC_WARN_UNUSED_FUNCTION = YES;
				GCC_WARN_UNUSED_VARIABLE = YES;
				IPHONEOS_DEPLOYMENT_TARGET = 15.2;
				MTL_ENABLE_DEBUG_INFO = INCLUDE_SOURCE;
				MTL_FAST_MATH = YES;
				ONLY_ACTIVE_ARCH = YES;
				SDKROOT = iphoneos;
				SWIFT_ACTIVE_COMPILATION_CONDITIONS = DEBUG;
				SWIFT_OPTIMIZATION_LEVEL = "-Onone";
				VERSIONING_SYSTEM = "apple-generic";
				VERSION_INFO_PREFIX = "";
			};
			name = Debug;
		};
		B88CDC7927FAC0B30002C640 /* Release */ = {
			isa = XCBuildConfiguration;
			buildSettings = {
				ALWAYS_SEARCH_USER_PATHS = NO;
				CLANG_ANALYZER_NONNULL = YES;
				CLANG_ANALYZER_NUMBER_OBJECT_CONVERSION = YES_AGGRESSIVE;
				CLANG_CXX_LANGUAGE_STANDARD = "gnu++17";
				CLANG_CXX_LIBRARY = "libc++";
				CLANG_ENABLE_MODULES = YES;
				CLANG_ENABLE_OBJC_ARC = YES;
				CLANG_ENABLE_OBJC_WEAK = YES;
				CLANG_WARN_BLOCK_CAPTURE_AUTORELEASING = YES;
				CLANG_WARN_BOOL_CONVERSION = YES;
				CLANG_WARN_COMMA = YES;
				CLANG_WARN_CONSTANT_CONVERSION = YES;
				CLANG_WARN_DEPRECATED_OBJC_IMPLEMENTATIONS = YES;
				CLANG_WARN_DIRECT_OBJC_ISA_USAGE = YES_ERROR;
				CLANG_WARN_DOCUMENTATION_COMMENTS = YES;
				CLANG_WARN_EMPTY_BODY = YES;
				CLANG_WARN_ENUM_CONVERSION = YES;
				CLANG_WARN_INFINITE_RECURSION = YES;
				CLANG_WARN_INT_CONVERSION = YES;
				CLANG_WARN_NON_LITERAL_NULL_CONVERSION = YES;
				CLANG_WARN_OBJC_IMPLICIT_RETAIN_SELF = YES;
				CLANG_WARN_OBJC_LITERAL_CONVERSION = YES;
				CLANG_WARN_OBJC_ROOT_CLASS = YES_ERROR;
				CLANG_WARN_QUOTED_INCLUDE_IN_FRAMEWORK_HEADER = YES;
				CLANG_WARN_RANGE_LOOP_ANALYSIS = YES;
				CLANG_WARN_STRICT_PROTOTYPES = YES;
				CLANG_WARN_SUSPICIOUS_MOVE = YES;
				CLANG_WARN_UNGUARDED_AVAILABILITY = YES_AGGRESSIVE;
				CLANG_WARN_UNREACHABLE_CODE = YES;
				CLANG_WARN__DUPLICATE_METHOD_MATCH = YES;
				COPY_PHASE_STRIP = NO;
				CURRENT_PROJECT_VERSION = 1;
				DEBUG_INFORMATION_FORMAT = "dwarf-with-dsym";
				ENABLE_NS_ASSERTIONS = NO;
				ENABLE_STRICT_OBJC_MSGSEND = YES;
				GCC_C_LANGUAGE_STANDARD = gnu11;
				GCC_NO_COMMON_BLOCKS = YES;
				GCC_WARN_64_TO_32_BIT_CONVERSION = YES;
				GCC_WARN_ABOUT_RETURN_TYPE = YES_ERROR;
				GCC_WARN_UNDECLARED_SELECTOR = YES;
				GCC_WARN_UNINITIALIZED_AUTOS = YES_AGGRESSIVE;
				GCC_WARN_UNUSED_FUNCTION = YES;
				GCC_WARN_UNUSED_VARIABLE = YES;
				IPHONEOS_DEPLOYMENT_TARGET = 15.2;
				MTL_ENABLE_DEBUG_INFO = NO;
				MTL_FAST_MATH = YES;
				SDKROOT = iphoneos;
				SWIFT_COMPILATION_MODE = wholemodule;
				SWIFT_OPTIMIZATION_LEVEL = "-O";
				VALIDATE_PRODUCT = YES;
				VERSIONING_SYSTEM = "apple-generic";
				VERSION_INFO_PREFIX = "";
			};
			name = Release;
		};
		B88CDC7B27FAC0B30002C640 /* Debug */ = {
			isa = XCBuildConfiguration;
			buildSettings = {
				CODE_SIGN_STYLE = Automatic;
				CURRENT_PROJECT_VERSION = 1;
				DEFINES_MODULE = YES;
				DEVELOPMENT_TEAM = 7224G6JACN;
				DYLIB_COMPATIBILITY_VERSION = 1;
				DYLIB_CURRENT_VERSION = 1;
				DYLIB_INSTALL_NAME_BASE = "@rpath";
				GENERATE_INFOPLIST_FILE = YES;
				INFOPLIST_KEY_NSHumanReadableCopyright = "";
				INSTALL_PATH = "$(LOCAL_LIBRARY_DIR)/Frameworks";
				LD_RUNPATH_SEARCH_PATHS = (
					"$(inherited)",
					"@executable_path/Frameworks",
					"@loader_path/Frameworks",
				);
				MARKETING_VERSION = 1.0;
				PRODUCT_BUNDLE_IDENTIFIER = com.mi.all.PodExampleMI;
				PRODUCT_NAME = "$(TARGET_NAME:c99extidentifier)";
				SKIP_INSTALL = YES;
				SWIFT_EMIT_LOC_STRINGS = YES;
				SWIFT_VERSION = 5.0;
				TARGETED_DEVICE_FAMILY = "1,2";
			};
			name = Debug;
		};
		B88CDC7C27FAC0B30002C640 /* Release */ = {
			isa = XCBuildConfiguration;
			buildSettings = {
				CODE_SIGN_STYLE = Automatic;
				CURRENT_PROJECT_VERSION = 1;
				DEFINES_MODULE = YES;
				DEVELOPMENT_TEAM = 7224G6JACN;
				DYLIB_COMPATIBILITY_VERSION = 1;
				DYLIB_CURRENT_VERSION = 1;
				DYLIB_INSTALL_NAME_BASE = "@rpath";
				GENERATE_INFOPLIST_FILE = YES;
				INFOPLIST_KEY_NSHumanReadableCopyright = "";
				INSTALL_PATH = "$(LOCAL_LIBRARY_DIR)/Frameworks";
				LD_RUNPATH_SEARCH_PATHS = (
					"$(inherited)",
					"@executable_path/Frameworks",
					"@loader_path/Frameworks",
				);
				MARKETING_VERSION = 1.0;
				PRODUCT_BUNDLE_IDENTIFIER = com.mi.all.PodExampleMI;
				PRODUCT_NAME = "$(TARGET_NAME:c99extidentifier)";
				SKIP_INSTALL = YES;
				SWIFT_EMIT_LOC_STRINGS = YES;
				SWIFT_VERSION = 5.0;
				TARGETED_DEVICE_FAMILY = "1,2";
			};
			name = Release;
		};
		B88CDC7E27FAC0B30002C640 /* Debug */ = {
			isa = XCBuildConfiguration;
			buildSettings = {
				ALWAYS_EMBED_SWIFT_STANDARD_LIBRARIES = YES;
				CODE_SIGN_STYLE = Automatic;
				CURRENT_PROJECT_VERSION = 1;
				DEVELOPMENT_TEAM = 7224G6JACN;
				GENERATE_INFOPLIST_FILE = YES;
				MARKETING_VERSION = 1.0;
				PRODUCT_BUNDLE_IDENTIFIER = com.mi.all.PodExampleMITests;
				PRODUCT_NAME = "$(TARGET_NAME)";
				SWIFT_EMIT_LOC_STRINGS = NO;
				SWIFT_VERSION = 5.0;
				TARGETED_DEVICE_FAMILY = "1,2";
			};
			name = Debug;
		};
		B88CDC7F27FAC0B30002C640 /* Release */ = {
			isa = XCBuildConfiguration;
			buildSettings = {
				ALWAYS_EMBED_SWIFT_STANDARD_LIBRARIES = YES;
				CODE_SIGN_STYLE = Automatic;
				CURRENT_PROJECT_VERSION = 1;
				DEVELOPMENT_TEAM = 7224G6JACN;
				GENERATE_INFOPLIST_FILE = YES;
				MARKETING_VERSION = 1.0;
				PRODUCT_BUNDLE_IDENTIFIER = com.mi.all.PodExampleMITests;
				PRODUCT_NAME = "$(TARGET_NAME)";
				SWIFT_EMIT_LOC_STRINGS = NO;
				SWIFT_VERSION = 5.0;
				TARGETED_DEVICE_FAMILY = "1,2";
			};
			name = Release;
		};
		B88CDC9627FAC4870002C640 /* Debug */ = {
			isa = XCBuildConfiguration;
			buildSettings = {
				ASSETCATALOG_COMPILER_APPICON_NAME = AppIcon;
				ASSETCATALOG_COMPILER_GLOBAL_ACCENT_COLOR_NAME = AccentColor;
				CODE_SIGN_STYLE = Automatic;
				CURRENT_PROJECT_VERSION = 1;
				DEVELOPMENT_TEAM = 7224G6JACN;
				GENERATE_INFOPLIST_FILE = YES;
				INFOPLIST_FILE = SwiftPodExampleMI/Info.plist;
				INFOPLIST_KEY_UIApplicationSupportsIndirectInputEvents = YES;
				INFOPLIST_KEY_UILaunchStoryboardName = LaunchScreen;
				INFOPLIST_KEY_UIMainStoryboardFile = Main;
				INFOPLIST_KEY_UISupportedInterfaceOrientations_iPad = "UIInterfaceOrientationPortrait UIInterfaceOrientationPortraitUpsideDown UIInterfaceOrientationLandscapeLeft UIInterfaceOrientationLandscapeRight";
				INFOPLIST_KEY_UISupportedInterfaceOrientations_iPhone = "UIInterfaceOrientationPortrait UIInterfaceOrientationLandscapeLeft UIInterfaceOrientationLandscapeRight";
				LD_RUNPATH_SEARCH_PATHS = (
					"$(inherited)",
					"@executable_path/Frameworks",
				);
				MARKETING_VERSION = 1.0;
				PRODUCT_BUNDLE_IDENTIFIER = com.mi.all.SwiftPodExampleMI;
				PRODUCT_NAME = "$(TARGET_NAME)";
				SWIFT_EMIT_LOC_STRINGS = YES;
				SWIFT_VERSION = 5.0;
				TARGETED_DEVICE_FAMILY = "1,2";
			};
			name = Debug;
		};
		B88CDC9727FAC4870002C640 /* Release */ = {
			isa = XCBuildConfiguration;
			buildSettings = {
				ASSETCATALOG_COMPILER_APPICON_NAME = AppIcon;
				ASSETCATALOG_COMPILER_GLOBAL_ACCENT_COLOR_NAME = AccentColor;
				CODE_SIGN_STYLE = Automatic;
				CURRENT_PROJECT_VERSION = 1;
				DEVELOPMENT_TEAM = 7224G6JACN;
				GENERATE_INFOPLIST_FILE = YES;
				INFOPLIST_FILE = SwiftPodExampleMI/Info.plist;
				INFOPLIST_KEY_UIApplicationSupportsIndirectInputEvents = YES;
				INFOPLIST_KEY_UILaunchStoryboardName = LaunchScreen;
				INFOPLIST_KEY_UIMainStoryboardFile = Main;
				INFOPLIST_KEY_UISupportedInterfaceOrientations_iPad = "UIInterfaceOrientationPortrait UIInterfaceOrientationPortraitUpsideDown UIInterfaceOrientationLandscapeLeft UIInterfaceOrientationLandscapeRight";
				INFOPLIST_KEY_UISupportedInterfaceOrientations_iPhone = "UIInterfaceOrientationPortrait UIInterfaceOrientationLandscapeLeft UIInterfaceOrientationLandscapeRight";
				LD_RUNPATH_SEARCH_PATHS = (
					"$(inherited)",
					"@executable_path/Frameworks",
				);
				MARKETING_VERSION = 1.0;
				PRODUCT_BUNDLE_IDENTIFIER = com.mi.all.SwiftPodExampleMI;
				PRODUCT_NAME = "$(TARGET_NAME)";
				SWIFT_EMIT_LOC_STRINGS = YES;
				SWIFT_VERSION = 5.0;
				TARGETED_DEVICE_FAMILY = "1,2";
			};
			name = Release;
		};
/* End XCBuildConfiguration section */

/* Begin XCConfigurationList section */
		B88CDC6027FAC0B30002C640 /* Build configuration list for PBXProject "PodExampleMI" */ = {
			isa = XCConfigurationList;
			buildConfigurations = (
				B88CDC7827FAC0B30002C640 /* Debug */,
				B88CDC7927FAC0B30002C640 /* Release */,
			);
			defaultConfigurationIsVisible = 0;
			defaultConfigurationName = Release;
		};
		B88CDC7A27FAC0B30002C640 /* Build configuration list for PBXNativeTarget "PodExampleMI" */ = {
			isa = XCConfigurationList;
			buildConfigurations = (
				B88CDC7B27FAC0B30002C640 /* Debug */,
				B88CDC7C27FAC0B30002C640 /* Release */,
			);
			defaultConfigurationIsVisible = 0;
			defaultConfigurationName = Release;
		};
		B88CDC7D27FAC0B30002C640 /* Build configuration list for PBXNativeTarget "PodExampleMITests" */ = {
			isa = XCConfigurationList;
			buildConfigurations = (
				B88CDC7E27FAC0B30002C640 /* Debug */,
				B88CDC7F27FAC0B30002C640 /* Release */,
			);
			defaultConfigurationIsVisible = 0;
			defaultConfigurationName = Release;
		};
		B88CDC9527FAC4870002C640 /* Build configuration list for PBXNativeTarget "SwiftPodExampleMI" */ = {
			isa = XCConfigurationList;
			buildConfigurations = (
				B88CDC9627FAC4870002C640 /* Debug */,
				B88CDC9727FAC4870002C640 /* Release */,
			);
			defaultConfigurationIsVisible = 0;
			defaultConfigurationName = Release;
		};
/* End XCConfigurationList section */
	};
	rootObject = B88CDC5D27FAC0B30002C640 /* Project object */;
}
